
Microsoft Visual Studio Solution File, Format Version 12.00
# Visual Studio 15
VisualStudioVersion = 15.0.28010.2048
MinimumVisualStudioVersion = 10.0.40219.1
Project("{FAE04EC0-301F-11D3-BF4B-00C04F79EFBC}") = "BusTicketMS", "BusTicketMS\BusTicketMS.csproj", "{63D4DD35-970A-46D6-A5AC-DFE35A5BC71C}"
EndProject
Project("{FAE04EC0-301F-11D3-BF4B-00C04F79EFBC}") = "DLL", "DLL\DLL.csproj", "{8F22E881-7B3F-4520-A3E3-0265E4367872}"
EndProject
Project("{FAE04EC0-301F-11D3-BF4B-00C04F79EFBC}") = "BLL", "BLL\BLL.csproj", "{F94157BF-F025-49EA-9207-DC2030E63B38}"
EndProject
Project("{FAE04EC0-301F-11D3-BF4B-00C04F79EFBC}") = "Entity", "Entity\Entity.csproj", "{FD91B3AB-1F66-4DB0-887E-365BA5341022}"
EndProject
Global
	GlobalSection(SolutionConfigurationPlatforms) = preSolution
		Debug|Any CPU = Debug|Any CPU
		Debug|ARM = Debug|ARM
		Debug|x64 = Debug|x64
		Debug|x86 = Debug|x86
		Release|Any CPU = Release|Any CPU
		Release|ARM = Release|ARM
		Release|x64 = Release|x64
		Release|x86 = Release|x86
	EndGlobalSection
	GlobalSection(ProjectConfigurationPlatforms) = postSolution
		{63D4DD35-970A-46D6-A5AC-DFE35A5BC71C}.Debug|Any CPU.ActiveCfg = Debug|Any CPU
		{63D4DD35-970A-46D6-A5AC-DFE35A5BC71C}.Debug|Any CPU.Build.0 = Debug|Any CPU
		{63D4DD35-970A-46D6-A5AC-DFE35A5BC71C}.Debug|ARM.ActiveCfg = Debug|Any CPU
		{63D4DD35-970A-46D6-A5AC-DFE35A5BC71C}.Debug|ARM.Build.0 = Debug|Any CPU
		{63D4DD35-970A-46D6-A5AC-DFE35A5BC71C}.Debug|x64.ActiveCfg = Debug|Any CPU
		{63D4DD35-970A-46D6-A5AC-DFE35A5BC71C}.Debug|x64.Build.0 = Debug|Any CPU
		{63D4DD35-970A-46D6-A5AC-DFE35A5BC71C}.Debug|x86.ActiveCfg = Debug|Any CPU
		{63D4DD35-970A-46D6-A5AC-DFE35A5BC71C}.Debug|x86.Build.0 = Debug|Any CPU
		{63D4DD35-970A-46D6-A5AC-DFE35A5BC71C}.Release|Any CPU.ActiveCfg = Release|Any CPU
		{63D4DD35-970A-46D6-A5AC-DFE35A5BC71C}.Release|Any CPU.Build.0 = Release|Any CPU
		{63D4DD35-970A-46D6-A5AC-DFE35A5BC71C}.Release|ARM.ActiveCfg = Release|Any CPU
		{63D4DD35-970A-46D6-A5AC-DFE35A5BC71C}.Release|ARM.Build.0 = Release|Any CPU
		{63D4DD35-970A-46D6-A5AC-DFE35A5BC71C}.Release|x64.ActiveCfg = Release|Any CPU
		{63D4DD35-970A-46D6-A5AC-DFE35A5BC71C}.Release|x64.Build.0 = Release|Any CPU
		{63D4DD35-970A-46D6-A5AC-DFE35A5BC71C}.Release|x86.ActiveCfg = Release|Any CPU
		{63D4DD35-970A-46D6-A5AC-DFE35A5BC71C}.Release|x86.Build.0 = Release|Any CPU
		{8F22E881-7B3F-4520-A3E3-0265E4367872}.Debug|Any CPU.ActiveCfg = Debug|Any CPU
		{8F22E881-7B3F-4520-A3E3-0265E4367872}.Debug|Any CPU.Build.0 = Debug|Any CPU
		{8F22E881-7B3F-4520-A3E3-0265E4367872}.Debug|ARM.ActiveCfg = Debug|Any CPU
		{8F22E881-7B3F-4520-A3E3-0265E4367872}.Debug|ARM.Build.0 = Debug|Any CPU
		{8F22E881-7B3F-4520-A3E3-0265E4367872}.Debug|x64.ActiveCfg = Debug|Any CPU
		{8F22E881-7B3F-4520-A3E3-0265E4367872}.Debug|x64.Build.0 = Debug|Any CPU
		{8F22E881-7B3F-4520-A3E3-0265E4367872}.Debug|x86.ActiveCfg = Debug|Any CPU
		{8F22E881-7B3F-4520-A3E3-0265E4367872}.Debug|x86.Build.0 = Debug|Any CPU
		{8F22E881-7B3F-4520-A3E3-0265E4367872}.Release|Any CPU.ActiveCfg = Release|Any CPU
		{8F22E881-7B3F-4520-A3E3-0265E4367872}.Release|Any CPU.Build.0 = Release|Any CPU
		{8F22E881-7B3F-4520-A3E3-0265E4367872}.Release|ARM.ActiveCfg = Release|Any CPU
		{8F22E881-7B3F-4520-A3E3-0265E4367872}.Release|ARM.Build.0 = Release|Any CPU
		{8F22E881-7B3F-4520-A3E3-0265E4367872}.Release|x64.ActiveCfg = Release|Any CPU
		{8F22E881-7B3F-4520-A3E3-0265E4367872}.Release|x64.Build.0 = Release|Any CPU
		{8F22E881-7B3F-4520-A3E3-0265E4367872}.Release|x86.ActiveCfg = Release|Any CPU
		{8F22E881-7B3F-4520-A3E3-0265E4367872}.Release|x86.Build.0 = Release|Any CPU
		{F94157BF-F025-49EA-9207-DC2030E63B38}.Debug|Any CPU.ActiveCfg = Debug|Any CPU
		{F94157BF-F025-49EA-9207-DC2030E63B38}.Debug|Any CPU.Build.0 = Debug|Any CPU
		{F94157BF-F025-49EA-9207-DC2030E63B38}.Debug|ARM.ActiveCfg = Debug|Any CPU
		{F94157BF-F025-49EA-9207-DC2030E63B38}.Debug|ARM.Build.0 = Debug|Any CPU
		{F94157BF-F025-49EA-9207-DC2030E63B38}.Debug|x64.ActiveCfg = Debug|Any CPU
		{F94157BF-F025-49EA-9207-DC2030E63B38}.Debug|x64.Build.0 = Debug|Any CPU
		{F94157BF-F025-49EA-9207-DC2030E63B38}.Debug|x86.ActiveCfg = Debug|Any CPU
		{F94157BF-F025-49EA-9207-DC2030E63B38}.Debug|x86.Build.0 = Debug|Any CPU
		{F94157BF-F025-49EA-9207-DC2030E63B38}.Release|Any CPU.ActiveCfg = Release|Any CPU
		{F94157BF-F025-49EA-9207-DC2030E63B38}.Release|Any CPU.Build.0 = Release|Any CPU
		{F94157BF-F025-49EA-9207-DC2030E63B38}.Release|ARM.ActiveCfg = Release|Any CPU
		{F94157BF-F025-49EA-9207-DC2030E63B38}.Release|ARM.Build.0 = Release|Any CPU
		{F94157BF-F025-49EA-9207-DC2030E63B38}.Release|x64.ActiveCfg = Release|Any CPU
		{F94157BF-F025-49EA-9207-DC2030E63B38}.Release|x64.Build.0 = Release|Any CPU
		{F94157BF-F025-49EA-9207-DC2030E63B38}.Release|x86.ActiveCfg = Release|Any CPU
		{F94157BF-F025-49EA-9207-DC2030E63B38}.Release|x86.Build.0 = Release|Any CPU
		{FD91B3AB-1F66-4DB0-887E-365BA5341022}.Debug|Any CPU.ActiveCfg = Debug|Any CPU
		{FD91B3AB-1F66-4DB0-887E-365BA5341022}.Debug|Any CPU.Build.0 = Debug|Any CPU
		{FD91B3AB-1F66-4DB0-887E-365BA5341022}.Debug|ARM.ActiveCfg = Debug|Any CPU
		{FD91B3AB-1F66-4DB0-887E-365BA5341022}.Debug|ARM.Build.0 = Debug|Any CPU
		{FD91B3AB-1F66-4DB0-887E-365BA5341022}.Debug|x64.ActiveCfg = Debug|Any CPU
		{FD91B3AB-1F66-4DB0-887E-365BA5341022}.Debug|x64.Build.0 = Debug|Any CPU
		{FD91B3AB-1F66-4DB0-887E-365BA5341022}.Debug|x86.ActiveCfg = Debug|Any CPU
		{FD91B3AB-1F66-4DB0-887E-365BA5341022}.Debug|x86.Build.0 = Debug|Any CPU
		{FD91B3AB-1F66-4DB0-887E-365BA5341022}.Release|Any CPU.ActiveCfg = Release|Any CPU
		{FD91B3AB-1F66-4DB0-887E-365BA5341022}.Release|Any CPU.Build.0 = Release|Any CPU
		{FD91B3AB-1F66-4DB0-887E-365BA5341022}.Release|ARM.ActiveCfg = Release|Any CPU
		{FD91B3AB-1F66-4DB0-887E-365BA5341022}.Release|ARM.Build.0 = Release|Any CPU
		{FD91B3AB-1F66-4DB0-887E-365BA5341022}.Release|x64.ActiveCfg = Release|Any CPU
		{FD91B3AB-1F66-4DB0-887E-365BA5341022}.Release|x64.Build.0 = Release|Any CPU
		{FD91B3AB-1F66-4DB0-887E-365BA5341022}.Release|x86.ActiveCfg = Release|Any CPU
		{FD91B3AB-1F66-4DB0-887E-365BA5341022}.Release|x86.Build.0 = Release|Any CPU
	EndGlobalSection
	GlobalSection(SolutionProperties) = preSolution
		HideSolutionNode = FALSE
	EndGlobalSection
	GlobalSection(ExtensibilityGlobals) = postSolution
		SolutionGuid = {75A49FE2-31EA-44B9-8C6A-AC42FCA57CEB}
	EndGlobalSection
EndGlobal
