
Microsoft Visual Studio Solution File, Format Version 12.00
# Visual Studio 15
VisualStudioVersion = 15.0.28010.2048
MinimumVisualStudioVersion = 10.0.40219.1
Project("{FAE04EC0-301F-11D3-BF4B-00C04F79EFBC}") = "BusTicketMS", "BusTicketMS\BusTicketMS.csproj", "{63D4DD35-970A-46D6-A5AC-DFE35A5BC71C}"
EndProject
Global
	GlobalSection(SolutionConfigurationPlatforms) = preSolution
		Debug|Any CPU = Debug|Any CPU
		Release|Any CPU = Release|Any CPU
	EndGlobalSection
	GlobalSection(ProjectConfigurationPlatforms) = postSolution
		{63D4DD35-970A-46D6-A5AC-DFE35A5BC71C}.Debug|Any CPU.ActiveCfg = Debug|Any CPU
		{63D4DD35-970A-46D6-A5AC-DFE35A5BC71C}.Debug|Any CPU.Build.0 = Debug|Any CPU
		{63D4DD35-970A-46D6-A5AC-DFE35A5BC71C}.Release|Any CPU.ActiveCfg = Release|Any CPU
		{63D4DD35-970A-46D6-A5AC-DFE35A5BC71C}.Release|Any CPU.Build.0 = Release|Any CPU
	EndGlobalSection
	GlobalSection(SolutionProperties) = preSolution
		HideSolutionNode = FALSE
	EndGlobalSection
	GlobalSection(ExtensibilityGlobals) = postSolution
		SolutionGuid = {75A49FE2-31EA-44B9-8C6A-AC42FCA57CEB}
	EndGlobalSection
EndGlobal
